// !$*UTF8*$!
{
	archiveVersion = 1;
	classes = {
	};
	objectVersion = 50;
	objects = {

/* Begin PBXBuildFile section */
		25456BC4227C9A21006B0D52 /* main.m in Sources */ = {isa = PBXBuildFile; fileRef = 25456BC3227C9A21006B0D52 /* main.m */; };
		25456BCC227C9A7E006B0D52 /* PaymentGateway.m in Sources */ = {isa = PBXBuildFile; fileRef = 25456BCB227C9A7E006B0D52 /* PaymentGateway.m */; };
		25456BCF227C9B92006B0D52 /* ScreenController.m in Sources */ = {isa = PBXBuildFile; fileRef = 25456BCE227C9B92006B0D52 /* ScreenController.m */; };
		25456BD4227CA5E1006B0D52 /* StripPaymentService.m in Sources */ = {isa = PBXBuildFile; fileRef = 25456BD3227CA5E1006B0D52 /* StripPaymentService.m */; };
		25456BD7227CA5EE006B0D52 /* PaypalPaymentService.m in Sources */ = {isa = PBXBuildFile; fileRef = 25456BD6227CA5EE006B0D52 /* PaypalPaymentService.m */; };
		25456BDA227CA604006B0D52 /* AmazonPaymentService.m in Sources */ = {isa = PBXBuildFile; fileRef = 25456BD9227CA604006B0D52 /* AmazonPaymentService.m */; };
/* End PBXBuildFile section */

/* Begin PBXCopyFilesBuildPhase section */
		25456BBE227C9A21006B0D52 /* CopyFiles */ = {
			isa = PBXCopyFilesBuildPhase;
			buildActionMask = 2147483647;
			dstPath = /usr/share/man/man1/;
			dstSubfolderSpec = 0;
			files = (
			);
			runOnlyForDeploymentPostprocessing = 1;
		};
/* End PBXCopyFilesBuildPhase section */

/* Begin PBXFileReference section */
		25456BC0227C9A21006B0D52 /* PaymentsApp */ = {isa = PBXFileReference; explicitFileType = "compiled.mach-o.executable"; includeInIndex = 0; path = PaymentsApp; sourceTree = BUILT_PRODUCTS_DIR; };
		25456BC3227C9A21006B0D52 /* main.m */ = {isa = PBXFileReference; lastKnownFileType = sourcecode.c.objc; path = main.m; sourceTree = "<group>"; };
		25456BCA227C9A7E006B0D52 /* PaymentGateway.h */ = {isa = PBXFileReference; lastKnownFileType = sourcecode.c.h; path = PaymentGateway.h; sourceTree = "<group>"; };
		25456BCB227C9A7E006B0D52 /* PaymentGateway.m */ = {isa = PBXFileReference; lastKnownFileType = sourcecode.c.objc; path = PaymentGateway.m; sourceTree = "<group>"; };
		25456BCE227C9B92006B0D52 /* ScreenController.m */ = {isa = PBXFileReference; lastKnownFileType = sourcecode.c.objc; path = ScreenController.m; sourceTree = "<group>"; };
		25456BD1227C9C2F006B0D52 /* ScreenController.h */ = {isa = PBXFileReference; fileEncoding = 4; lastKnownFileType = sourcecode.c.h; path = ScreenController.h; sourceTree = "<group>"; };
		25456BD2227CA5E1006B0D52 /* StripPaymentService.h */ = {isa = PBXFileReference; lastKnownFileType = sourcecode.c.h; path = StripPaymentService.h; sourceTree = "<group>"; };
		25456BD3227CA5E1006B0D52 /* StripPaymentService.m */ = {isa = PBXFileReference; lastKnownFileType = sourcecode.c.objc; path = StripPaymentService.m; sourceTree = "<group>"; };
		25456BD5227CA5EE006B0D52 /* PaypalPaymentService.h */ = {isa = PBXFileReference; lastKnownFileType = sourcecode.c.h; path = PaypalPaymentService.h; sourceTree = "<group>"; };
		25456BD6227CA5EE006B0D52 /* PaypalPaymentService.m */ = {isa = PBXFileReference; lastKnownFileType = sourcecode.c.objc; path = PaypalPaymentService.m; sourceTree = "<group>"; };
		25456BD8227CA604006B0D52 /* AmazonPaymentService.h */ = {isa = PBXFileReference; lastKnownFileType = sourcecode.c.h; path = AmazonPaymentService.h; sourceTree = "<group>"; };
		25456BD9227CA604006B0D52 /* AmazonPaymentService.m */ = {isa = PBXFileReference; lastKnownFileType = sourcecode.c.objc; path = AmazonPaymentService.m; sourceTree = "<group>"; };
/* End PBXFileReference section */

/* Begin PBXFrameworksBuildPhase section */
		25456BBD227C9A21006B0D52 /* Frameworks */ = {
			isa = PBXFrameworksBuildPhase;
			buildActionMask = 2147483647;
			files = (
			);
			runOnlyForDeploymentPostprocessing = 0;
		};
/* End PBXFrameworksBuildPhase section */

/* Begin PBXGroup section */
		25456BB7227C9A21006B0D52 = {
			isa = PBXGroup;
			children = (
				25456BC2227C9A21006B0D52 /* PaymentsApp */,
				25456BC1227C9A21006B0D52 /* Products */,
			);
			sourceTree = "<group>";
		};
		25456BC1227C9A21006B0D52 /* Products */ = {
			isa = PBXGroup;
			children = (
				25456BC0227C9A21006B0D52 /* PaymentsApp */,
			);
			name = Products;
			sourceTree = "<group>";
		};
		25456BC2227C9A21006B0D52 /* PaymentsApp */ = {
			isa = PBXGroup;
			children = (
				25456BC3227C9A21006B0D52 /* main.m */,
				25456BD1227C9C2F006B0D52 /* ScreenController.h */,
				25456BCE227C9B92006B0D52 /* ScreenController.m */,
				25456BD2227CA5E1006B0D52 /* StripPaymentService.h */,
				25456BD3227CA5E1006B0D52 /* StripPaymentService.m */,
				25456BD5227CA5EE006B0D52 /* PaypalPaymentService.h */,
				25456BD6227CA5EE006B0D52 /* PaypalPaymentService.m */,
				25456BD8227CA604006B0D52 /* AmazonPaymentService.h */,
				25456BD9227CA604006B0D52 /* AmazonPaymentService.m */,
				25456BCA227C9A7E006B0D52 /* PaymentGateway.h */,
				25456BCB227C9A7E006B0D52 /* PaymentGateway.m */,
			);
			path = PaymentsApp;
			sourceTree = "<group>";
		};
/* End PBXGroup section */

/* Begin PBXNativeTarget section */
		25456BBF227C9A21006B0D52 /* PaymentsApp */ = {
			isa = PBXNativeTarget;
			buildConfigurationList = 25456BC7227C9A21006B0D52 /* Build configuration list for PBXNativeTarget "PaymentsApp" */;
			buildPhases = (
				25456BBC227C9A21006B0D52 /* Sources */,
				25456BBD227C9A21006B0D52 /* Frameworks */,
				25456BBE227C9A21006B0D52 /* CopyFiles */,
			);
			buildRules = (
			);
			dependencies = (
			);
			name = PaymentsApp;
			productName = PaymentsApp;
			productReference = 25456BC0227C9A21006B0D52 /* PaymentsApp */;
			productType = "com.apple.product-type.tool";
		};
/* End PBXNativeTarget section */

/* Begin PBXProject section */
		25456BB8227C9A21006B0D52 /* Project object */ = {
			isa = PBXProject;
			attributes = {
				LastUpgradeCheck = 1010;
				ORGANIZATIONNAME = Luiz;
				TargetAttributes = {
					25456BBF227C9A21006B0D52 = {
						CreatedOnToolsVersion = 10.1;
					};
				};
			};
			buildConfigurationList = 25456BBB227C9A21006B0D52 /* Build configuration list for PBXProject "PaymentsApp" */;
			compatibilityVersion = "Xcode 9.3";
			developmentRegion = en;
			hasScannedForEncodings = 0;
			knownRegions = (
				en,
			);
			mainGroup = 25456BB7227C9A21006B0D52;
			productRefGroup = 25456BC1227C9A21006B0D52 /* Products */;
			projectDirPath = "";
			projectRoot = "";
			targets = (
				25456BBF227C9A21006B0D52 /* PaymentsApp */,
			);
		};
/* End PBXProject section */

/* Begin PBXSourcesBuildPhase section */
		25456BBC227C9A21006B0D52 /* Sources */ = {
			isa = PBXSourcesBuildPhase;
			buildActionMask = 2147483647;
			files = (
				25456BDA227CA604006B0D52 /* AmazonPaymentService.m in Sources */,
				25456BC4227C9A21006B0D52 /* main.m in Sources */,
				25456BD4227CA5E1006B0D52 /* StripPaymentService.m in Sources */,
				25456BD7227CA5EE006B0D52 /* PaypalPaymentService.m in Sources */,
				25456BCC227C9A7E006B0D52 /* PaymentGateway.m in Sources */,
				25456BCF227C9B92006B0D52 /* ScreenController.m in Sources */,
			);
			runOnlyForDeploymentPostprocessing = 0;
		};
/* End PBXSourcesBuildPhase section */

/* Begin XCBuildConfiguration section */
		25456BC5227C9A21006B0D52 /* Debug */ = {
			isa = XCBuildConfiguration;
			buildSettings = {
				ALWAYS_SEARCH_USER_PATHS = NO;
				CLANG_ANALYZER_NONNULL = YES;
				CLANG_ANALYZER_NUMBER_OBJECT_CONVERSION = YES_AGGRESSIVE;
				CLANG_CXX_LANGUAGE_STANDARD = "gnu++14";
				CLANG_CXX_LIBRARY = "libc++";
				CLANG_ENABLE_MODULES = YES;
				CLANG_ENABLE_OBJC_ARC = YES;
				CLANG_ENABLE_OBJC_WEAK = YES;
				CLANG_WARN_BLOCK_CAPTURE_AUTORELEASING = YES;
				CLANG_WARN_BOOL_CONVERSION = YES;
				CLANG_WARN_COMMA = YES;
				CLANG_WARN_CONSTANT_CONVERSION = YES;
				CLANG_WARN_DEPRECATED_OBJC_IMPLEMENTATIONS = YES;
				CLANG_WARN_DIRECT_OBJC_ISA_USAGE = YES_ERROR;
				CLANG_WARN_DOCUMENTATION_COMMENTS = YES;
				CLANG_WARN_EMPTY_BODY = YES;
				CLANG_WARN_ENUM_CONVERSION = YES;
				CLANG_WARN_INFINITE_RECURSION = YES;
				CLANG_WARN_INT_CONVERSION = YES;
				CLANG_WARN_NON_LITERAL_NULL_CONVERSION = YES;
				CLANG_WARN_OBJC_IMPLICIT_RETAIN_SELF = YES;
				CLANG_WARN_OBJC_LITERAL_CONVERSION = YES;
				CLANG_WARN_OBJC_ROOT_CLASS = YES_ERROR;
				CLANG_WARN_RANGE_LOOP_ANALYSIS = YES;
				CLANG_WARN_STRICT_PROTOTYPES = YES;
				CLANG_WARN_SUSPICIOUS_MOVE = YES;
				CLANG_WARN_UNGUARDED_AVAILABILITY = YES_AGGRESSIVE;
				CLANG_WARN_UNREACHABLE_CODE = YES;
				CLANG_WARN__DUPLICATE_METHOD_MATCH = YES;
				CODE_SIGN_IDENTITY = "Mac Developer";
				COPY_PHASE_STRIP = NO;
				DEBUG_INFORMATION_FORMAT = dwarf;
				ENABLE_STRICT_OBJC_MSGSEND = YES;
				ENABLE_TESTABILITY = YES;
				GCC_C_LANGUAGE_STANDARD = gnu11;
				GCC_DYNAMIC_NO_PIC = NO;
				GCC_NO_COMMON_BLOCKS = YES;
				GCC_OPTIMIZATION_LEVEL = 0;
				GCC_PREPROCESSOR_DEFINITIONS = (
					"DEBUG=1",
					"$(inherited)",
				);
				GCC_WARN_64_TO_32_BIT_CONVERSION = YES;
				GCC_WARN_ABOUT_RETURN_TYPE = YES_ERROR;
				GCC_WARN_UNDECLARED_SELECTOR = YES;
				GCC_WARN_UNINITIALIZED_AUTOS = YES_AGGRESSIVE;
				GCC_WARN_UNUSED_FUNCTION = YES;
				GCC_WARN_UNUSED_VARIABLE = YES;
				MACOSX_DEPLOYMENT_TARGET = 10.14;
				MTL_ENABLE_DEBUG_INFO = INCLUDE_SOURCE;
				MTL_FAST_MATH = YES;
				ONLY_ACTIVE_ARCH = YES;
				SDKROOT = macosx;
			};
			name = Debug;
		};
		25456BC6227C9A21006B0D52 /* Release */ = {
			isa = XCBuildConfiguration;
			buildSettings = {
				ALWAYS_SEARCH_USER_PATHS = NO;
				CLANG_ANALYZER_NONNULL = YES;
				CLANG_ANALYZER_NUMBER_OBJECT_CONVERSION = YES_AGGRESSIVE;
				CLANG_CXX_LANGUAGE_STANDARD = "gnu++14";
				CLANG_CXX_LIBRARY = "libc++";
				CLANG_ENABLE_MODULES = YES;
				CLANG_ENABLE_OBJC_ARC = YES;
				CLANG_ENABLE_OBJC_WEAK = YES;
				CLANG_WARN_BLOCK_CAPTURE_AUTORELEASING = YES;
				CLANG_WARN_BOOL_CONVERSION = YES;
				CLANG_WARN_COMMA = YES;
				CLANG_WARN_CONSTANT_CONVERSION = YES;
				CLANG_WARN_DEPRECATED_OBJC_IMPLEMENTATIONS = YES;
				CLANG_WARN_DIRECT_OBJC_ISA_USAGE = YES_ERROR;
				CLANG_WARN_DOCUMENTATION_COMMENTS = YES;
				CLANG_WARN_EMPTY_BODY = YES;
				CLANG_WARN_ENUM_CONVERSION = YES;
				CLANG_WARN_INFINITE_RECURSION = YES;
				CLANG_WARN_INT_CONVERSION = YES;
				CLANG_WARN_NON_LITERAL_NULL_CONVERSION = YES;
				CLANG_WARN_OBJC_IMPLICIT_RETAIN_SELF = YES;
				CLANG_WARN_OBJC_LITERAL_CONVERSION = YES;
				CLANG_WARN_OBJC_ROOT_CLASS = YES_ERROR;
				CLANG_WARN_RANGE_LOOP_ANALYSIS = YES;
				CLANG_WARN_STRICT_PROTOTYPES = YES;
				CLANG_WARN_SUSPICIOUS_MOVE = YES;
				CLANG_WARN_UNGUARDED_AVAILABILITY = YES_AGGRESSIVE;
				CLANG_WARN_UNREACHABLE_CODE = YES;
				CLANG_WARN__DUPLICATE_METHOD_MATCH = YES;
				CODE_SIGN_IDENTITY = "Mac Developer";
				COPY_PHASE_STRIP = NO;
				DEBUG_INFORMATION_FORMAT = "dwarf-with-dsym";
				ENABLE_NS_ASSERTIONS = NO;
				ENABLE_STRICT_OBJC_MSGSEND = YES;
				GCC_C_LANGUAGE_STANDARD = gnu11;
				GCC_NO_COMMON_BLOCKS = YES;
				GCC_WARN_64_TO_32_BIT_CONVERSION = YES;
				GCC_WARN_ABOUT_RETURN_TYPE = YES_ERROR;
				GCC_WARN_UNDECLARED_SELECTOR = YES;
				GCC_WARN_UNINITIALIZED_AUTOS = YES_AGGRESSIVE;
				GCC_WARN_UNUSED_FUNCTION = YES;
				GCC_WARN_UNUSED_VARIABLE = YES;
				MACOSX_DEPLOYMENT_TARGET = 10.14;
				MTL_ENABLE_DEBUG_INFO = NO;
				MTL_FAST_MATH = YES;
				SDKROOT = macosx;
			};
			name = Release;
		};
		25456BC8227C9A21006B0D52 /* Debug */ = {
			isa = XCBuildConfiguration;
			buildSettings = {
				CODE_SIGN_STYLE = Automatic;
				DEVELOPMENT_TEAM = 489ZVWUGPK;
				PRODUCT_NAME = "$(TARGET_NAME)";
			};
			name = Debug;
		};
		25456BC9227C9A21006B0D52 /* Release */ = {
			isa = XCBuildConfiguration;
			buildSettings = {
				CODE_SIGN_STYLE = Automatic;
				DEVELOPMENT_TEAM = 489ZVWUGPK;
				PRODUCT_NAME = "$(TARGET_NAME)";
			};
			name = Release;
		};
/* End XCBuildConfiguration section */

/* Begin XCConfigurationList section */
		25456BBB227C9A21006B0D52 /* Build configuration list for PBXProject "PaymentsApp" */ = {
			isa = XCConfigurationList;
			buildConfigurations = (
				25456BC5227C9A21006B0D52 /* Debug */,
				25456BC6227C9A21006B0D52 /* Release */,
			);
			defaultConfigurationIsVisible = 0;
			defaultConfigurationName = Release;
		};
		25456BC7227C9A21006B0D52 /* Build configuration list for PBXNativeTarget "PaymentsApp" */ = {
			isa = XCConfigurationList;
			buildConfigurations = (
				25456BC8227C9A21006B0D52 /* Debug */,
				25456BC9227C9A21006B0D52 /* Release */,
			);
			defaultConfigurationIsVisible = 0;
			defaultConfigurationName = Release;
		};
/* End XCConfigurationList section */
	};
	rootObject = 25456BB8227C9A21006B0D52 /* Project object */;
}
